
Microsoft Visual Studio Solution File, Format Version 12.00
# Visual Studio 15
VisualStudioVersion = 15.0.27004.2005
MinimumVisualStudioVersion = 10.0.40219.1
Project("{FAE04EC0-301F-11D3-BF4B-00C04F79EFBC}") = "Calendar.Android", "Calendar\Calendar.Android\Calendar.Android.csproj", "{BAB7D1AF-D20C-4D24-A9F8-3A7F25541F89}"
EndProject
Project("{FAE04EC0-301F-11D3-BF4B-00C04F79EFBC}") = "Calendar", "Calendar\Calendar\Calendar.csproj", "{A5AB1A10-2334-4C42-9EF7-CEBE6BE60C5C}"
EndProject
Project("{FAE04EC0-301F-11D3-BF4B-00C04F79EFBC}") = "Calendar.UWP", "Calendar\Calendar.UWP\Calendar.UWP.csproj", "{0C57CA73-AAB2-43EB-9AF8-0BB5B7071362}"
EndProject
Project("{FAE04EC0-301F-11D3-BF4B-00C04F79EFBC}") = "Calendar.iOS", "Calendar\Calendar.iOS\Calendar.iOS.csproj", "{CBC20156-1BB3-4420-99C7-8B6374E21930}"
EndProject
Global
	GlobalSection(SolutionConfigurationPlatforms) = preSolution
		Ad-Hoc|Any CPU = Ad-Hoc|Any CPU
		Ad-Hoc|ARM = Ad-Hoc|ARM
		Ad-Hoc|iPhone = Ad-Hoc|iPhone
		Ad-Hoc|iPhoneSimulator = Ad-Hoc|iPhoneSimulator
		Ad-Hoc|x64 = Ad-Hoc|x64
		Ad-Hoc|x86 = Ad-Hoc|x86
		AppStore|Any CPU = AppStore|Any CPU
		AppStore|ARM = AppStore|ARM
		AppStore|iPhone = AppStore|iPhone
		AppStore|iPhoneSimulator = AppStore|iPhoneSimulator
		AppStore|x64 = AppStore|x64
		AppStore|x86 = AppStore|x86
		Debug|Any CPU = Debug|Any CPU
		Debug|ARM = Debug|ARM
		Debug|iPhone = Debug|iPhone
		Debug|iPhoneSimulator = Debug|iPhoneSimulator
		Debug|x64 = Debug|x64
		Debug|x86 = Debug|x86
		Release|Any CPU = Release|Any CPU
		Release|ARM = Release|ARM
		Release|iPhone = Release|iPhone
		Release|iPhoneSimulator = Release|iPhoneSimulator
		Release|x64 = Release|x64
		Release|x86 = Release|x86
	EndGlobalSection
	GlobalSection(ProjectConfigurationPlatforms) = postSolution
		{BAB7D1AF-D20C-4D24-A9F8-3A7F25541F89}.Ad-Hoc|Any CPU.ActiveCfg = Release|Any CPU
		{BAB7D1AF-D20C-4D24-A9F8-3A7F25541F89}.Ad-Hoc|Any CPU.Build.0 = Release|Any CPU
		{BAB7D1AF-D20C-4D24-A9F8-3A7F25541F89}.Ad-Hoc|Any CPU.Deploy.0 = Release|Any CPU
		{BAB7D1AF-D20C-4D24-A9F8-3A7F25541F89}.Ad-Hoc|ARM.ActiveCfg = Release|Any CPU
		{BAB7D1AF-D20C-4D24-A9F8-3A7F25541F89}.Ad-Hoc|ARM.Build.0 = Release|Any CPU
		{BAB7D1AF-D20C-4D24-A9F8-3A7F25541F89}.Ad-Hoc|ARM.Deploy.0 = Release|Any CPU
		{BAB7D1AF-D20C-4D24-A9F8-3A7F25541F89}.Ad-Hoc|iPhone.ActiveCfg = Release|Any CPU
		{BAB7D1AF-D20C-4D24-A9F8-3A7F25541F89}.Ad-Hoc|iPhone.Build.0 = Release|Any CPU
		{BAB7D1AF-D20C-4D24-A9F8-3A7F25541F89}.Ad-Hoc|iPhone.Deploy.0 = Release|Any CPU
		{BAB7D1AF-D20C-4D24-A9F8-3A7F25541F89}.Ad-Hoc|iPhoneSimulator.ActiveCfg = Release|Any CPU
		{BAB7D1AF-D20C-4D24-A9F8-3A7F25541F89}.Ad-Hoc|iPhoneSimulator.Build.0 = Release|Any CPU
		{BAB7D1AF-D20C-4D24-A9F8-3A7F25541F89}.Ad-Hoc|iPhoneSimulator.Deploy.0 = Release|Any CPU
		{BAB7D1AF-D20C-4D24-A9F8-3A7F25541F89}.Ad-Hoc|x64.ActiveCfg = Release|Any CPU
		{BAB7D1AF-D20C-4D24-A9F8-3A7F25541F89}.Ad-Hoc|x64.Build.0 = Release|Any CPU
		{BAB7D1AF-D20C-4D24-A9F8-3A7F25541F89}.Ad-Hoc|x64.Deploy.0 = Release|Any CPU
		{BAB7D1AF-D20C-4D24-A9F8-3A7F25541F89}.Ad-Hoc|x86.ActiveCfg = Release|Any CPU
		{BAB7D1AF-D20C-4D24-A9F8-3A7F25541F89}.Ad-Hoc|x86.Build.0 = Release|Any CPU
		{BAB7D1AF-D20C-4D24-A9F8-3A7F25541F89}.Ad-Hoc|x86.Deploy.0 = Release|Any CPU
		{BAB7D1AF-D20C-4D24-A9F8-3A7F25541F89}.AppStore|Any CPU.ActiveCfg = Release|Any CPU
		{BAB7D1AF-D20C-4D24-A9F8-3A7F25541F89}.AppStore|Any CPU.Build.0 = Release|Any CPU
		{BAB7D1AF-D20C-4D24-A9F8-3A7F25541F89}.AppStore|Any CPU.Deploy.0 = Release|Any CPU
		{BAB7D1AF-D20C-4D24-A9F8-3A7F25541F89}.AppStore|ARM.ActiveCfg = Release|Any CPU
		{BAB7D1AF-D20C-4D24-A9F8-3A7F25541F89}.AppStore|ARM.Build.0 = Release|Any CPU
		{BAB7D1AF-D20C-4D24-A9F8-3A7F25541F89}.AppStore|ARM.Deploy.0 = Release|Any CPU
		{BAB7D1AF-D20C-4D24-A9F8-3A7F25541F89}.AppStore|iPhone.ActiveCfg = Release|Any CPU
		{BAB7D1AF-D20C-4D24-A9F8-3A7F25541F89}.AppStore|iPhone.Build.0 = Release|Any CPU
		{BAB7D1AF-D20C-4D24-A9F8-3A7F25541F89}.AppStore|iPhone.Deploy.0 = Release|Any CPU
		{BAB7D1AF-D20C-4D24-A9F8-3A7F25541F89}.AppStore|iPhoneSimulator.ActiveCfg = Release|Any CPU
		{BAB7D1AF-D20C-4D24-A9F8-3A7F25541F89}.AppStore|iPhoneSimulator.Build.0 = Release|Any CPU
		{BAB7D1AF-D20C-4D24-A9F8-3A7F25541F89}.AppStore|iPhoneSimulator.Deploy.0 = Release|Any CPU
		{BAB7D1AF-D20C-4D24-A9F8-3A7F25541F89}.AppStore|x64.ActiveCfg = Release|Any CPU
		{BAB7D1AF-D20C-4D24-A9F8-3A7F25541F89}.AppStore|x64.Build.0 = Release|Any CPU
		{BAB7D1AF-D20C-4D24-A9F8-3A7F25541F89}.AppStore|x64.Deploy.0 = Release|Any CPU
		{BAB7D1AF-D20C-4D24-A9F8-3A7F25541F89}.AppStore|x86.ActiveCfg = Release|Any CPU
		{BAB7D1AF-D20C-4D24-A9F8-3A7F25541F89}.AppStore|x86.Build.0 = Release|Any CPU
		{BAB7D1AF-D20C-4D24-A9F8-3A7F25541F89}.AppStore|x86.Deploy.0 = Release|Any CPU
		{BAB7D1AF-D20C-4D24-A9F8-3A7F25541F89}.Debug|Any CPU.ActiveCfg = Debug|Any CPU
		{BAB7D1AF-D20C-4D24-A9F8-3A7F25541F89}.Debug|Any CPU.Build.0 = Debug|Any CPU
		{BAB7D1AF-D20C-4D24-A9F8-3A7F25541F89}.Debug|Any CPU.Deploy.0 = Debug|Any CPU
		{BAB7D1AF-D20C-4D24-A9F8-3A7F25541F89}.Debug|ARM.ActiveCfg = Debug|Any CPU
		{BAB7D1AF-D20C-4D24-A9F8-3A7F25541F89}.Debug|ARM.Build.0 = Debug|Any CPU
		{BAB7D1AF-D20C-4D24-A9F8-3A7F25541F89}.Debug|ARM.Deploy.0 = Debug|Any CPU
		{BAB7D1AF-D20C-4D24-A9F8-3A7F25541F89}.Debug|iPhone.ActiveCfg = Debug|Any CPU
		{BAB7D1AF-D20C-4D24-A9F8-3A7F25541F89}.Debug|iPhone.Build.0 = Debug|Any CPU
		{BAB7D1AF-D20C-4D24-A9F8-3A7F25541F89}.Debug|iPhone.Deploy.0 = Debug|Any CPU
		{BAB7D1AF-D20C-4D24-A9F8-3A7F25541F89}.Debug|iPhoneSimulator.ActiveCfg = Debug|Any CPU
		{BAB7D1AF-D20C-4D24-A9F8-3A7F25541F89}.Debug|iPhoneSimulator.Build.0 = Debug|Any CPU
		{BAB7D1AF-D20C-4D24-A9F8-3A7F25541F89}.Debug|iPhoneSimulator.Deploy.0 = Debug|Any CPU
		{BAB7D1AF-D20C-4D24-A9F8-3A7F25541F89}.Debug|x64.ActiveCfg = Debug|Any CPU
		{BAB7D1AF-D20C-4D24-A9F8-3A7F25541F89}.Debug|x64.Build.0 = Debug|Any CPU
		{BAB7D1AF-D20C-4D24-A9F8-3A7F25541F89}.Debug|x64.Deploy.0 = Debug|Any CPU
		{BAB7D1AF-D20C-4D24-A9F8-3A7F25541F89}.Debug|x86.ActiveCfg = Debug|Any CPU
		{BAB7D1AF-D20C-4D24-A9F8-3A7F25541F89}.Debug|x86.Build.0 = Debug|Any CPU
		{BAB7D1AF-D20C-4D24-A9F8-3A7F25541F89}.Debug|x86.Deploy.0 = Debug|Any CPU
		{BAB7D1AF-D20C-4D24-A9F8-3A7F25541F89}.Release|Any CPU.ActiveCfg = Release|Any CPU
		{BAB7D1AF-D20C-4D24-A9F8-3A7F25541F89}.Release|Any CPU.Build.0 = Release|Any CPU
		{BAB7D1AF-D20C-4D24-A9F8-3A7F25541F89}.Release|Any CPU.Deploy.0 = Release|Any CPU
		{BAB7D1AF-D20C-4D24-A9F8-3A7F25541F89}.Release|ARM.ActiveCfg = Release|Any CPU
		{BAB7D1AF-D20C-4D24-A9F8-3A7F25541F89}.Release|ARM.Build.0 = Release|Any CPU
		{BAB7D1AF-D20C-4D24-A9F8-3A7F25541F89}.Release|ARM.Deploy.0 = Release|Any CPU
		{BAB7D1AF-D20C-4D24-A9F8-3A7F25541F89}.Release|iPhone.ActiveCfg = Release|Any CPU
		{BAB7D1AF-D20C-4D24-A9F8-3A7F25541F89}.Release|iPhone.Build.0 = Release|Any CPU
		{BAB7D1AF-D20C-4D24-A9F8-3A7F25541F89}.Release|iPhone.Deploy.0 = Release|Any CPU
		{BAB7D1AF-D20C-4D24-A9F8-3A7F25541F89}.Release|iPhoneSimulator.ActiveCfg = Release|Any CPU
		{BAB7D1AF-D20C-4D24-A9F8-3A7F25541F89}.Release|iPhoneSimulator.Build.0 = Release|Any CPU
		{BAB7D1AF-D20C-4D24-A9F8-3A7F25541F89}.Release|iPhoneSimulator.Deploy.0 = Release|Any CPU
		{BAB7D1AF-D20C-4D24-A9F8-3A7F25541F89}.Release|x64.ActiveCfg = Release|Any CPU
		{BAB7D1AF-D20C-4D24-A9F8-3A7F25541F89}.Release|x64.Build.0 = Release|Any CPU
		{BAB7D1AF-D20C-4D24-A9F8-3A7F25541F89}.Release|x64.Deploy.0 = Release|Any CPU
		{BAB7D1AF-D20C-4D24-A9F8-3A7F25541F89}.Release|x86.ActiveCfg = Release|Any CPU
		{BAB7D1AF-D20C-4D24-A9F8-3A7F25541F89}.Release|x86.Build.0 = Release|Any CPU
		{BAB7D1AF-D20C-4D24-A9F8-3A7F25541F89}.Release|x86.Deploy.0 = Release|Any CPU
		{A5AB1A10-2334-4C42-9EF7-CEBE6BE60C5C}.Ad-Hoc|Any CPU.ActiveCfg = Release|Any CPU
		{A5AB1A10-2334-4C42-9EF7-CEBE6BE60C5C}.Ad-Hoc|Any CPU.Build.0 = Release|Any CPU
		{A5AB1A10-2334-4C42-9EF7-CEBE6BE60C5C}.Ad-Hoc|ARM.ActiveCfg = Release|Any CPU
		{A5AB1A10-2334-4C42-9EF7-CEBE6BE60C5C}.Ad-Hoc|ARM.Build.0 = Release|Any CPU
		{A5AB1A10-2334-4C42-9EF7-CEBE6BE60C5C}.Ad-Hoc|iPhone.ActiveCfg = Release|Any CPU
		{A5AB1A10-2334-4C42-9EF7-CEBE6BE60C5C}.Ad-Hoc|iPhone.Build.0 = Release|Any CPU
		{A5AB1A10-2334-4C42-9EF7-CEBE6BE60C5C}.Ad-Hoc|iPhoneSimulator.ActiveCfg = Release|Any CPU
		{A5AB1A10-2334-4C42-9EF7-CEBE6BE60C5C}.Ad-Hoc|iPhoneSimulator.Build.0 = Release|Any CPU
		{A5AB1A10-2334-4C42-9EF7-CEBE6BE60C5C}.Ad-Hoc|x64.ActiveCfg = Release|Any CPU
		{A5AB1A10-2334-4C42-9EF7-CEBE6BE60C5C}.Ad-Hoc|x64.Build.0 = Release|Any CPU
		{A5AB1A10-2334-4C42-9EF7-CEBE6BE60C5C}.Ad-Hoc|x86.ActiveCfg = Release|Any CPU
		{A5AB1A10-2334-4C42-9EF7-CEBE6BE60C5C}.Ad-Hoc|x86.Build.0 = Release|Any CPU
		{A5AB1A10-2334-4C42-9EF7-CEBE6BE60C5C}.AppStore|Any CPU.ActiveCfg = Release|Any CPU
		{A5AB1A10-2334-4C42-9EF7-CEBE6BE60C5C}.AppStore|Any CPU.Build.0 = Release|Any CPU
		{A5AB1A10-2334-4C42-9EF7-CEBE6BE60C5C}.AppStore|ARM.ActiveCfg = Release|Any CPU
		{A5AB1A10-2334-4C42-9EF7-CEBE6BE60C5C}.AppStore|ARM.Build.0 = Release|Any CPU
		{A5AB1A10-2334-4C42-9EF7-CEBE6BE60C5C}.AppStore|iPhone.ActiveCfg = Release|Any CPU
		{A5AB1A10-2334-4C42-9EF7-CEBE6BE60C5C}.AppStore|iPhone.Build.0 = Release|Any CPU
		{A5AB1A10-2334-4C42-9EF7-CEBE6BE60C5C}.AppStore|iPhoneSimulator.ActiveCfg = Release|Any CPU
		{A5AB1A10-2334-4C42-9EF7-CEBE6BE60C5C}.AppStore|iPhoneSimulator.Build.0 = Release|Any CPU
		{A5AB1A10-2334-4C42-9EF7-CEBE6BE60C5C}.AppStore|x64.ActiveCfg = Release|Any CPU
		{A5AB1A10-2334-4C42-9EF7-CEBE6BE60C5C}.AppStore|x64.Build.0 = Release|Any CPU
		{A5AB1A10-2334-4C42-9EF7-CEBE6BE60C5C}.AppStore|x86.ActiveCfg = Release|Any CPU
		{A5AB1A10-2334-4C42-9EF7-CEBE6BE60C5C}.AppStore|x86.Build.0 = Release|Any CPU
		{A5AB1A10-2334-4C42-9EF7-CEBE6BE60C5C}.Debug|Any CPU.ActiveCfg = Debug|Any CPU
		{A5AB1A10-2334-4C42-9EF7-CEBE6BE60C5C}.Debug|Any CPU.Build.0 = Debug|Any CPU
		{A5AB1A10-2334-4C42-9EF7-CEBE6BE60C5C}.Debug|ARM.ActiveCfg = Debug|Any CPU
		{A5AB1A10-2334-4C42-9EF7-CEBE6BE60C5C}.Debug|ARM.Build.0 = Debug|Any CPU
		{A5AB1A10-2334-4C42-9EF7-CEBE6BE60C5C}.Debug|iPhone.ActiveCfg = Debug|Any CPU
		{A5AB1A10-2334-4C42-9EF7-CEBE6BE60C5C}.Debug|iPhone.Build.0 = Debug|Any CPU
		{A5AB1A10-2334-4C42-9EF7-CEBE6BE60C5C}.Debug|iPhoneSimulator.ActiveCfg = Debug|Any CPU
		{A5AB1A10-2334-4C42-9EF7-CEBE6BE60C5C}.Debug|iPhoneSimulator.Build.0 = Debug|Any CPU
		{A5AB1A10-2334-4C42-9EF7-CEBE6BE60C5C}.Debug|x64.ActiveCfg = Debug|Any CPU
		{A5AB1A10-2334-4C42-9EF7-CEBE6BE60C5C}.Debug|x64.Build.0 = Debug|Any CPU
		{A5AB1A10-2334-4C42-9EF7-CEBE6BE60C5C}.Debug|x86.ActiveCfg = Debug|Any CPU
		{A5AB1A10-2334-4C42-9EF7-CEBE6BE60C5C}.Debug|x86.Build.0 = Debug|Any CPU
		{A5AB1A10-2334-4C42-9EF7-CEBE6BE60C5C}.Release|Any CPU.ActiveCfg = Release|Any CPU
		{A5AB1A10-2334-4C42-9EF7-CEBE6BE60C5C}.Release|Any CPU.Build.0 = Release|Any CPU
		{A5AB1A10-2334-4C42-9EF7-CEBE6BE60C5C}.Release|ARM.ActiveCfg = Release|Any CPU
		{A5AB1A10-2334-4C42-9EF7-CEBE6BE60C5C}.Release|ARM.Build.0 = Release|Any CPU
		{A5AB1A10-2334-4C42-9EF7-CEBE6BE60C5C}.Release|iPhone.ActiveCfg = Release|Any CPU
		{A5AB1A10-2334-4C42-9EF7-CEBE6BE60C5C}.Release|iPhone.Build.0 = Release|Any CPU
		{A5AB1A10-2334-4C42-9EF7-CEBE6BE60C5C}.Release|iPhoneSimulator.ActiveCfg = Release|Any CPU
		{A5AB1A10-2334-4C42-9EF7-CEBE6BE60C5C}.Release|iPhoneSimulator.Build.0 = Release|Any CPU
		{A5AB1A10-2334-4C42-9EF7-CEBE6BE60C5C}.Release|x64.ActiveCfg = Release|Any CPU
		{A5AB1A10-2334-4C42-9EF7-CEBE6BE60C5C}.Release|x64.Build.0 = Release|Any CPU
		{A5AB1A10-2334-4C42-9EF7-CEBE6BE60C5C}.Release|x86.ActiveCfg = Release|Any CPU
		{A5AB1A10-2334-4C42-9EF7-CEBE6BE60C5C}.Release|x86.Build.0 = Release|Any CPU
		{0C57CA73-AAB2-43EB-9AF8-0BB5B7071362}.Ad-Hoc|Any CPU.ActiveCfg = Release|x86
		{0C57CA73-AAB2-43EB-9AF8-0BB5B7071362}.Ad-Hoc|Any CPU.Build.0 = Release|x86
		{0C57CA73-AAB2-43EB-9AF8-0BB5B7071362}.Ad-Hoc|Any CPU.Deploy.0 = Release|x86
		{0C57CA73-AAB2-43EB-9AF8-0BB5B7071362}.Ad-Hoc|ARM.ActiveCfg = Release|ARM
		{0C57CA73-AAB2-43EB-9AF8-0BB5B7071362}.Ad-Hoc|ARM.Build.0 = Release|ARM
		{0C57CA73-AAB2-43EB-9AF8-0BB5B7071362}.Ad-Hoc|ARM.Deploy.0 = Release|ARM
		{0C57CA73-AAB2-43EB-9AF8-0BB5B7071362}.Ad-Hoc|iPhone.ActiveCfg = Release|x86
		{0C57CA73-AAB2-43EB-9AF8-0BB5B7071362}.Ad-Hoc|iPhone.Build.0 = Release|x86
		{0C57CA73-AAB2-43EB-9AF8-0BB5B7071362}.Ad-Hoc|iPhone.Deploy.0 = Release|x86
		{0C57CA73-AAB2-43EB-9AF8-0BB5B7071362}.Ad-Hoc|iPhoneSimulator.ActiveCfg = Release|x86
		{0C57CA73-AAB2-43EB-9AF8-0BB5B7071362}.Ad-Hoc|iPhoneSimulator.Build.0 = Release|x86
		{0C57CA73-AAB2-43EB-9AF8-0BB5B7071362}.Ad-Hoc|iPhoneSimulator.Deploy.0 = Release|x86
		{0C57CA73-AAB2-43EB-9AF8-0BB5B7071362}.Ad-Hoc|x64.ActiveCfg = Release|x64
		{0C57CA73-AAB2-43EB-9AF8-0BB5B7071362}.Ad-Hoc|x64.Build.0 = Release|x64
		{0C57CA73-AAB2-43EB-9AF8-0BB5B7071362}.Ad-Hoc|x64.Deploy.0 = Release|x64
		{0C57CA73-AAB2-43EB-9AF8-0BB5B7071362}.Ad-Hoc|x86.ActiveCfg = Release|x86
		{0C57CA73-AAB2-43EB-9AF8-0BB5B7071362}.Ad-Hoc|x86.Build.0 = Release|x86
		{0C57CA73-AAB2-43EB-9AF8-0BB5B7071362}.Ad-Hoc|x86.Deploy.0 = Release|x86
		{0C57CA73-AAB2-43EB-9AF8-0BB5B7071362}.AppStore|Any CPU.ActiveCfg = Release|x86
		{0C57CA73-AAB2-43EB-9AF8-0BB5B7071362}.AppStore|Any CPU.Build.0 = Release|x86
		{0C57CA73-AAB2-43EB-9AF8-0BB5B7071362}.AppStore|Any CPU.Deploy.0 = Release|x86
		{0C57CA73-AAB2-43EB-9AF8-0BB5B7071362}.AppStore|ARM.ActiveCfg = Release|ARM
		{0C57CA73-AAB2-43EB-9AF8-0BB5B7071362}.AppStore|ARM.Build.0 = Release|ARM
		{0C57CA73-AAB2-43EB-9AF8-0BB5B7071362}.AppStore|ARM.Deploy.0 = Release|ARM
		{0C57CA73-AAB2-43EB-9AF8-0BB5B7071362}.AppStore|iPhone.ActiveCfg = Release|x86
		{0C57CA73-AAB2-43EB-9AF8-0BB5B7071362}.AppStore|iPhone.Build.0 = Release|x86
		{0C57CA73-AAB2-43EB-9AF8-0BB5B7071362}.AppStore|iPhone.Deploy.0 = Release|x86
		{0C57CA73-AAB2-43EB-9AF8-0BB5B7071362}.AppStore|iPhoneSimulator.ActiveCfg = Release|x86
		{0C57CA73-AAB2-43EB-9AF8-0BB5B7071362}.AppStore|iPhoneSimulator.Build.0 = Release|x86
		{0C57CA73-AAB2-43EB-9AF8-0BB5B7071362}.AppStore|iPhoneSimulator.Deploy.0 = Release|x86
		{0C57CA73-AAB2-43EB-9AF8-0BB5B7071362}.AppStore|x64.ActiveCfg = Release|x64
		{0C57CA73-AAB2-43EB-9AF8-0BB5B7071362}.AppStore|x64.Build.0 = Release|x64
		{0C57CA73-AAB2-43EB-9AF8-0BB5B7071362}.AppStore|x64.Deploy.0 = Release|x64
		{0C57CA73-AAB2-43EB-9AF8-0BB5B7071362}.AppStore|x86.ActiveCfg = Release|x86
		{0C57CA73-AAB2-43EB-9AF8-0BB5B7071362}.AppStore|x86.Build.0 = Release|x86
		{0C57CA73-AAB2-43EB-9AF8-0BB5B7071362}.AppStore|x86.Deploy.0 = Release|x86
		{0C57CA73-AAB2-43EB-9AF8-0BB5B7071362}.Debug|Any CPU.ActiveCfg = Debug|x86
		{0C57CA73-AAB2-43EB-9AF8-0BB5B7071362}.Debug|ARM.ActiveCfg = Debug|ARM
		{0C57CA73-AAB2-43EB-9AF8-0BB5B7071362}.Debug|ARM.Build.0 = Debug|ARM
		{0C57CA73-AAB2-43EB-9AF8-0BB5B7071362}.Debug|ARM.Deploy.0 = Debug|ARM
		{0C57CA73-AAB2-43EB-9AF8-0BB5B7071362}.Debug|iPhone.ActiveCfg = Debug|x86
		{0C57CA73-AAB2-43EB-9AF8-0BB5B7071362}.Debug|iPhoneSimulator.ActiveCfg = Debug|x86
		{0C57CA73-AAB2-43EB-9AF8-0BB5B7071362}.Debug|x64.ActiveCfg = Debug|x64
		{0C57CA73-AAB2-43EB-9AF8-0BB5B7071362}.Debug|x64.Build.0 = Debug|x64
		{0C57CA73-AAB2-43EB-9AF8-0BB5B7071362}.Debug|x64.Deploy.0 = Debug|x64
		{0C57CA73-AAB2-43EB-9AF8-0BB5B7071362}.Debug|x86.ActiveCfg = Debug|x86
		{0C57CA73-AAB2-43EB-9AF8-0BB5B7071362}.Debug|x86.Build.0 = Debug|x86
		{0C57CA73-AAB2-43EB-9AF8-0BB5B7071362}.Debug|x86.Deploy.0 = Debug|x86
		{0C57CA73-AAB2-43EB-9AF8-0BB5B7071362}.Release|Any CPU.ActiveCfg = Release|x86
		{0C57CA73-AAB2-43EB-9AF8-0BB5B7071362}.Release|ARM.ActiveCfg = Release|ARM
		{0C57CA73-AAB2-43EB-9AF8-0BB5B7071362}.Release|ARM.Build.0 = Release|ARM
		{0C57CA73-AAB2-43EB-9AF8-0BB5B7071362}.Release|ARM.Deploy.0 = Release|ARM
		{0C57CA73-AAB2-43EB-9AF8-0BB5B7071362}.Release|iPhone.ActiveCfg = Release|x86
		{0C57CA73-AAB2-43EB-9AF8-0BB5B7071362}.Release|iPhoneSimulator.ActiveCfg = Release|x86
		{0C57CA73-AAB2-43EB-9AF8-0BB5B7071362}.Release|x64.ActiveCfg = Release|x64
		{0C57CA73-AAB2-43EB-9AF8-0BB5B7071362}.Release|x64.Build.0 = Release|x64
		{0C57CA73-AAB2-43EB-9AF8-0BB5B7071362}.Release|x64.Deploy.0 = Release|x64
		{0C57CA73-AAB2-43EB-9AF8-0BB5B7071362}.Release|x86.ActiveCfg = Release|x86
		{0C57CA73-AAB2-43EB-9AF8-0BB5B7071362}.Release|x86.Build.0 = Release|x86
		{0C57CA73-AAB2-43EB-9AF8-0BB5B7071362}.Release|x86.Deploy.0 = Release|x86
		{CBC20156-1BB3-4420-99C7-8B6374E21930}.Ad-Hoc|Any CPU.ActiveCfg = Ad-Hoc|iPhoneSimulator
		{CBC20156-1BB3-4420-99C7-8B6374E21930}.Ad-Hoc|ARM.ActiveCfg = Ad-Hoc|iPhone
		{CBC20156-1BB3-4420-99C7-8B6374E21930}.Ad-Hoc|iPhone.ActiveCfg = Ad-Hoc|iPhone
		{CBC20156-1BB3-4420-99C7-8B6374E21930}.Ad-Hoc|iPhone.Build.0 = Ad-Hoc|iPhone
		{CBC20156-1BB3-4420-99C7-8B6374E21930}.Ad-Hoc|iPhoneSimulator.ActiveCfg = Ad-Hoc|iPhoneSimulator
		{CBC20156-1BB3-4420-99C7-8B6374E21930}.Ad-Hoc|iPhoneSimulator.Build.0 = Ad-Hoc|iPhoneSimulator
		{CBC20156-1BB3-4420-99C7-8B6374E21930}.Ad-Hoc|x64.ActiveCfg = Ad-Hoc|iPhone
		{CBC20156-1BB3-4420-99C7-8B6374E21930}.Ad-Hoc|x86.ActiveCfg = Ad-Hoc|iPhone
		{CBC20156-1BB3-4420-99C7-8B6374E21930}.AppStore|Any CPU.ActiveCfg = AppStore|iPhoneSimulator
		{CBC20156-1BB3-4420-99C7-8B6374E21930}.AppStore|ARM.ActiveCfg = AppStore|iPhone
		{CBC20156-1BB3-4420-99C7-8B6374E21930}.AppStore|iPhone.ActiveCfg = AppStore|iPhone
		{CBC20156-1BB3-4420-99C7-8B6374E21930}.AppStore|iPhone.Build.0 = AppStore|iPhone
		{CBC20156-1BB3-4420-99C7-8B6374E21930}.AppStore|iPhoneSimulator.ActiveCfg = AppStore|iPhoneSimulator
		{CBC20156-1BB3-4420-99C7-8B6374E21930}.AppStore|iPhoneSimulator.Build.0 = AppStore|iPhoneSimulator
		{CBC20156-1BB3-4420-99C7-8B6374E21930}.AppStore|x64.ActiveCfg = AppStore|iPhone
		{CBC20156-1BB3-4420-99C7-8B6374E21930}.AppStore|x86.ActiveCfg = AppStore|iPhone
		{CBC20156-1BB3-4420-99C7-8B6374E21930}.Debug|Any CPU.ActiveCfg = Debug|iPhoneSimulator
		{CBC20156-1BB3-4420-99C7-8B6374E21930}.Debug|ARM.ActiveCfg = Debug|iPhone
		{CBC20156-1BB3-4420-99C7-8B6374E21930}.Debug|iPhone.ActiveCfg = Debug|iPhone
		{CBC20156-1BB3-4420-99C7-8B6374E21930}.Debug|iPhone.Build.0 = Debug|iPhone
		{CBC20156-1BB3-4420-99C7-8B6374E21930}.Debug|iPhoneSimulator.ActiveCfg = Debug|iPhoneSimulator
		{CBC20156-1BB3-4420-99C7-8B6374E21930}.Debug|iPhoneSimulator.Build.0 = Debug|iPhoneSimulator
		{CBC20156-1BB3-4420-99C7-8B6374E21930}.Debug|x64.ActiveCfg = Debug|iPhone
		{CBC20156-1BB3-4420-99C7-8B6374E21930}.Debug|x86.ActiveCfg = Debug|iPhone
		{CBC20156-1BB3-4420-99C7-8B6374E21930}.Release|Any CPU.ActiveCfg = Release|iPhoneSimulator
		{CBC20156-1BB3-4420-99C7-8B6374E21930}.Release|ARM.ActiveCfg = Release|iPhone
		{CBC20156-1BB3-4420-99C7-8B6374E21930}.Release|iPhone.ActiveCfg = Release|iPhone
		{CBC20156-1BB3-4420-99C7-8B6374E21930}.Release|iPhone.Build.0 = Release|iPhone
		{CBC20156-1BB3-4420-99C7-8B6374E21930}.Release|iPhoneSimulator.ActiveCfg = Release|iPhoneSimulator
		{CBC20156-1BB3-4420-99C7-8B6374E21930}.Release|iPhoneSimulator.Build.0 = Release|iPhoneSimulator
		{CBC20156-1BB3-4420-99C7-8B6374E21930}.Release|x64.ActiveCfg = Release|iPhone
		{CBC20156-1BB3-4420-99C7-8B6374E21930}.Release|x86.ActiveCfg = Release|iPhone
	EndGlobalSection
	GlobalSection(SolutionProperties) = preSolution
		HideSolutionNode = FALSE
	EndGlobalSection
	GlobalSection(ExtensibilityGlobals) = postSolution
		SolutionGuid = {9F32491B-E448-4B82-AD73-D1E8C19963AC}
	EndGlobalSection
EndGlobal
